
Microsoft Visual Studio Solution File, Format Version 12.00
# Visual Studio Version 16
VisualStudioVersion = 16.0.31729.503
MinimumVisualStudioVersion = 10.0.40219.1
Project("{FAE04EC0-301F-11D3-BF4B-00C04F79EFBC}") = "ProjectClosure", "ProjectClosure\ProjectClosure.csproj", "{2A26FF25-F89D-41F1-8E3E-049D4C41EC03}"
EndProject
Global
	GlobalSection(SolutionConfigurationPlatforms) = preSolution
		Debug|Any CPU = Debug|Any CPU
		Release|Any CPU = Release|Any CPU
	EndGlobalSection
	GlobalSection(ProjectConfigurationPlatforms) = postSolution
		{2A26FF25-F89D-41F1-8E3E-049D4C41EC03}.Debug|Any CPU.ActiveCfg = Debug|Any CPU
		{2A26FF25-F89D-41F1-8E3E-049D4C41EC03}.Debug|Any CPU.Build.0 = Debug|Any CPU
		{2A26FF25-F89D-41F1-8E3E-049D4C41EC03}.Release|Any CPU.ActiveCfg = Release|Any CPU
		{2A26FF25-F89D-41F1-8E3E-049D4C41EC03}.Release|Any CPU.Build.0 = Release|Any CPU
	EndGlobalSection
	GlobalSection(SolutionProperties) = preSolution
		HideSolutionNode = FALSE
	EndGlobalSection
	GlobalSection(ExtensibilityGlobals) = postSolution
		SolutionGuid = {C6A36CCA-3E23-46FA-8F20-34F641812A17}
	EndGlobalSection
EndGlobal
